
Microsoft Visual Studio Solution File, Format Version 12.00
# Visual Studio Version 16
VisualStudioVersion = 16.0.31410.357
MinimumVisualStudioVersion = 10.0.40219.1
Project("{FAE04EC0-301F-11D3-BF4B-00C04F79EFBC}") = "Server", "Server.csproj", "{C3CDBA6D-6FC6-45E7-851B-CB4317BC7E85}"
EndProject
Global
	GlobalSection(SolutionConfigurationPlatforms) = preSolution
		Debug|Any CPU = Debug|Any CPU
		Release|Any CPU = Release|Any CPU
	EndGlobalSection
	GlobalSection(ProjectConfigurationPlatforms) = postSolution
		{C3CDBA6D-6FC6-45E7-851B-CB4317BC7E85}.Debug|Any CPU.ActiveCfg = Debug|Any CPU
		{C3CDBA6D-6FC6-45E7-851B-CB4317BC7E85}.Debug|Any CPU.Build.0 = Debug|Any CPU
		{C3CDBA6D-6FC6-45E7-851B-CB4317BC7E85}.Release|Any CPU.ActiveCfg = Release|Any CPU
		{C3CDBA6D-6FC6-45E7-851B-CB4317BC7E85}.Release|Any CPU.Build.0 = Release|Any CPU
	EndGlobalSection
	GlobalSection(SolutionProperties) = preSolution
		HideSolutionNode = FALSE
	EndGlobalSection
	GlobalSection(ExtensibilityGlobals) = postSolution
		SolutionGuid = {E0450D0B-0C59-4E00-8227-CE0F6B73EFFB}
	EndGlobalSection
EndGlobal
